// !$*UTF8*$!
{
	archiveVersion = 1;
	classes = {
	};
	objectVersion = 46;
	objects = {

/* Begin PBXBuildFile section */
		70E06B071F51A3D00011DFA5 /* AppDelegate.swift in Sources */ = {isa = PBXBuildFile; fileRef = 70E06B061F51A3D00011DFA5 /* AppDelegate.swift */; };
		70E06B091F51A3D00011DFA5 /* ViewController.swift in Sources */ = {isa = PBXBuildFile; fileRef = 70E06B081F51A3D00011DFA5 /* ViewController.swift */; };
		70E06B0C1F51A3D00011DFA5 /* Main.storyboard in Resources */ = {isa = PBXBuildFile; fileRef = 70E06B0A1F51A3D00011DFA5 /* Main.storyboard */; };
		70E06B0E1F51A3D00011DFA5 /* Assets.xcassets in Resources */ = {isa = PBXBuildFile; fileRef = 70E06B0D1F51A3D00011DFA5 /* Assets.xcassets */; };
		70E06B111F51A3D00011DFA5 /* LaunchScreen.storyboard in Resources */ = {isa = PBXBuildFile; fileRef = 70E06B0F1F51A3D00011DFA5 /* LaunchScreen.storyboard */; };
		70E06B1C1F51A3D00011DFA5 /* SwitchViewControllersTests.swift in Sources */ = {isa = PBXBuildFile; fileRef = 70E06B1B1F51A3D00011DFA5 /* SwitchViewControllersTests.swift */; };
/* End PBXBuildFile section */

/* Begin PBXContainerItemProxy section */
		70E06B181F51A3D00011DFA5 /* PBXContainerItemProxy */ = {
			isa = PBXContainerItemProxy;
			containerPortal = 70E06AFB1F51A3CF0011DFA5 /* Project object */;
			proxyType = 1;
			remoteGlobalIDString = 70E06B021F51A3D00011DFA5;
			remoteInfo = SwitchViewControllers;
		};
/* End PBXContainerItemProxy section */

/* Begin PBXFileReference section */
		70E06B031F51A3D00011DFA5 /* SwitchViewControllers.app */ = {isa = PBXFileReference; explicitFileType = wrapper.application; includeInIndex = 0; path = SwitchViewControllers.app; sourceTree = BUILT_PRODUCTS_DIR; };
		70E06B061F51A3D00011DFA5 /* AppDelegate.swift */ = {isa = PBXFileReference; lastKnownFileType = sourcecode.swift; path = AppDelegate.swift; sourceTree = "<group>"; };
		70E06B081F51A3D00011DFA5 /* ViewController.swift */ = {isa = PBXFileReference; lastKnownFileType = sourcecode.swift; path = ViewController.swift; sourceTree = "<group>"; };
		70E06B0B1F51A3D00011DFA5 /* Base */ = {isa = PBXFileReference; lastKnownFileType = file.storyboard; name = Base; path = Base.lproj/Main.storyboard; sourceTree = "<group>"; };
		70E06B0D1F51A3D00011DFA5 /* Assets.xcassets */ = {isa = PBXFileReference; lastKnownFileType = folder.assetcatalog; path = Assets.xcassets; sourceTree = "<group>"; };
		70E06B101F51A3D00011DFA5 /* Base */ = {isa = PBXFileReference; lastKnownFileType = file.storyboard; name = Base; path = Base.lproj/LaunchScreen.storyboard; sourceTree = "<group>"; };
		70E06B121F51A3D00011DFA5 /* Info.plist */ = {isa = PBXFileReference; lastKnownFileType = text.plist.xml; path = Info.plist; sourceTree = "<group>"; };
		70E06B171F51A3D00011DFA5 /* SwitchViewControllersTests.xctest */ = {isa = PBXFileReference; explicitFileType = wrapper.cfbundle; includeInIndex = 0; path = SwitchViewControllersTests.xctest; sourceTree = BUILT_PRODUCTS_DIR; };
		70E06B1B1F51A3D00011DFA5 /* SwitchViewControllersTests.swift */ = {isa = PBXFileReference; lastKnownFileType = sourcecode.swift; path = SwitchViewControllersTests.swift; sourceTree = "<group>"; };
		70E06B1D1F51A3D00011DFA5 /* Info.plist */ = {isa = PBXFileReference; lastKnownFileType = text.plist.xml; path = Info.plist; sourceTree = "<group>"; };
/* End PBXFileReference section */

/* Begin PBXFrameworksBuildPhase section */
		70E06B001F51A3D00011DFA5 /* Frameworks */ = {
			isa = PBXFrameworksBuildPhase;
			buildActionMask = 2147483647;
			files = (
			);
			runOnlyForDeploymentPostprocessing = 0;
		};
		70E06B141F51A3D00011DFA5 /* Frameworks */ = {
			isa = PBXFrameworksBuildPhase;
			buildActionMask = 2147483647;
			files = (
			);
			runOnlyForDeploymentPostprocessing = 0;
		};
/* End PBXFrameworksBuildPhase section */

/* Begin PBXGroup section */
		70E06AFA1F51A3CF0011DFA5 = {
			isa = PBXGroup;
			children = (
				70E06B051F51A3D00011DFA5 /* SwitchViewControllers */,
				70E06B1A1F51A3D00011DFA5 /* SwitchViewControllersTests */,
				70E06B041F51A3D00011DFA5 /* Products */,
			);
			sourceTree = "<group>";
		};
		70E06B041F51A3D00011DFA5 /* Products */ = {
			isa = PBXGroup;
			children = (
				70E06B031F51A3D00011DFA5 /* SwitchViewControllers.app */,
				70E06B171F51A3D00011DFA5 /* SwitchViewControllersTests.xctest */,
			);
			name = Products;
			sourceTree = "<group>";
		};
		70E06B051F51A3D00011DFA5 /* SwitchViewControllers */ = {
			isa = PBXGroup;
			children = (
				70E06B061F51A3D00011DFA5 /* AppDelegate.swift */,
				70E06B081F51A3D00011DFA5 /* ViewController.swift */,
				70E06B0A1F51A3D00011DFA5 /* Main.storyboard */,
				70E06B0D1F51A3D00011DFA5 /* Assets.xcassets */,
				70E06B0F1F51A3D00011DFA5 /* LaunchScreen.storyboard */,
				70E06B121F51A3D00011DFA5 /* Info.plist */,
			);
			path = SwitchViewControllers;
			sourceTree = "<group>";
		};
		70E06B1A1F51A3D00011DFA5 /* SwitchViewControllersTests */ = {
			isa = PBXGroup;
			children = (
				70E06B1B1F51A3D00011DFA5 /* SwitchViewControllersTests.swift */,
				70E06B1D1F51A3D00011DFA5 /* Info.plist */,
			);
			path = SwitchViewControllersTests;
			sourceTree = "<group>";
		};
/* End PBXGroup section */

/* Begin PBXNativeTarget section */
		70E06B021F51A3D00011DFA5 /* SwitchViewControllers */ = {
			isa = PBXNativeTarget;
			buildConfigurationList = 70E06B201F51A3D00011DFA5 /* Build configuration list for PBXNativeTarget "SwitchViewControllers" */;
			buildPhases = (
				70E06AFF1F51A3D00011DFA5 /* Sources */,
				70E06B001F51A3D00011DFA5 /* Frameworks */,
				70E06B011F51A3D00011DFA5 /* Resources */,
			);
			buildRules = (
			);
			dependencies = (
			);
			name = SwitchViewControllers;
			productName = SwitchViewControllers;
			productReference = 70E06B031F51A3D00011DFA5 /* SwitchViewControllers.app */;
			productType = "com.apple.product-type.application";
		};
		70E06B161F51A3D00011DFA5 /* SwitchViewControllersTests */ = {
			isa = PBXNativeTarget;
			buildConfigurationList = 70E06B231F51A3D00011DFA5 /* Build configuration list for PBXNativeTarget "SwitchViewControllersTests" */;
			buildPhases = (
				70E06B131F51A3D00011DFA5 /* Sources */,
				70E06B141F51A3D00011DFA5 /* Frameworks */,
				70E06B151F51A3D00011DFA5 /* Resources */,
			);
			buildRules = (
			);
			dependencies = (
				70E06B191F51A3D00011DFA5 /* PBXTargetDependency */,
			);
			name = SwitchViewControllersTests;
			productName = SwitchViewControllersTests;
			productReference = 70E06B171F51A3D00011DFA5 /* SwitchViewControllersTests.xctest */;
			productType = "com.apple.product-type.bundle.unit-test";
		};
/* End PBXNativeTarget section */

/* Begin PBXProject section */
		70E06AFB1F51A3CF0011DFA5 /* Project object */ = {
			isa = PBXProject;
			attributes = {
				LastSwiftUpdateCheck = 0830;
				LastUpgradeCheck = 0830;
				ORGANIZATIONNAME = smakino;
				TargetAttributes = {
					70E06B021F51A3D00011DFA5 = {
						CreatedOnToolsVersion = 8.3.3;
						ProvisioningStyle = Automatic;
					};
					70E06B161F51A3D00011DFA5 = {
						CreatedOnToolsVersion = 8.3.3;
						ProvisioningStyle = Automatic;
						TestTargetID = 70E06B021F51A3D00011DFA5;
					};
				};
			};
			buildConfigurationList = 70E06AFE1F51A3CF0011DFA5 /* Build configuration list for PBXProject "SwitchViewControllers" */;
			compatibilityVersion = "Xcode 3.2";
			developmentRegion = English;
			hasScannedForEncodings = 0;
			knownRegions = (
				en,
				Base,
			);
			mainGroup = 70E06AFA1F51A3CF0011DFA5;
			productRefGroup = 70E06B041F51A3D00011DFA5 /* Products */;
			projectDirPath = "";
			projectRoot = "";
			targets = (
				70E06B021F51A3D00011DFA5 /* SwitchViewControllers */,
				70E06B161F51A3D00011DFA5 /* SwitchViewControllersTests */,
			);
		};
/* End PBXProject section */

/* Begin PBXResourcesBuildPhase section */
		70E06B011F51A3D00011DFA5 /* Resources */ = {
			isa = PBXResourcesBuildPhase;
			buildActionMask = 2147483647;
			files = (
				70E06B111F51A3D00011DFA5 /* LaunchScreen.storyboard in Resources */,
				70E06B0E1F51A3D00011DFA5 /* Assets.xcassets in Resources */,
				70E06B0C1F51A3D00011DFA5 /* Main.storyboard in Resources */,
			);
			runOnlyForDeploymentPostprocessing = 0;
		};
		70E06B151F51A3D00011DFA5 /* Resources */ = {
			isa = PBXResourcesBuildPhase;
			buildActionMask = 2147483647;
			files = (
			);
			runOnlyForDeploymentPostprocessing = 0;
		};
/* End PBXResourcesBuildPhase section */

/* Begin PBXSourcesBuildPhase section */
		70E06AFF1F51A3D00011DFA5 /* Sources */ = {
			isa = PBXSourcesBuildPhase;
			buildActionMask = 2147483647;
			files = (
				70E06B091F51A3D00011DFA5 /* ViewController.swift in Sources */,
				70E06B071F51A3D00011DFA5 /* AppDelegate.swift in Sources */,
			);
			runOnlyForDeploymentPostprocessing = 0;
		};
		70E06B131F51A3D00011DFA5 /* Sources */ = {
			isa = PBXSourcesBuildPhase;
			buildActionMask = 2147483647;
			files = (
				70E06B1C1F51A3D00011DFA5 /* SwitchViewControllersTests.swift in Sources */,
			);
			runOnlyForDeploymentPostprocessing = 0;
		};
/* End PBXSourcesBuildPhase section */

/* Begin PBXTargetDependency section */
		70E06B191F51A3D00011DFA5 /* PBXTargetDependency */ = {
			isa = PBXTargetDependency;
			target = 70E06B021F51A3D00011DFA5 /* SwitchViewControllers */;
			targetProxy = 70E06B181F51A3D00011DFA5 /* PBXContainerItemProxy */;
		};
/* End PBXTargetDependency section */

/* Begin PBXVariantGroup section */
		70E06B0A1F51A3D00011DFA5 /* Main.storyboard */ = {
			isa = PBXVariantGroup;
			children = (
				70E06B0B1F51A3D00011DFA5 /* Base */,
			);
			name = Main.storyboard;
			sourceTree = "<group>";
		};
		70E06B0F1F51A3D00011DFA5 /* LaunchScreen.storyboard */ = {
			isa = PBXVariantGroup;
			children = (
				70E06B101F51A3D00011DFA5 /* Base */,
			);
			name = LaunchScreen.storyboard;
			sourceTree = "<group>";
		};
/* End PBXVariantGroup section */

/* Begin XCBuildConfiguration section */
		70E06B1E1F51A3D00011DFA5 /* Debug */ = {
			isa = XCBuildConfiguration;
			buildSettings = {
				ALWAYS_SEARCH_USER_PATHS = NO;
				CLANG_ANALYZER_NONNULL = YES;
				CLANG_ANALYZER_NUMBER_OBJECT_CONVERSION = YES_AGGRESSIVE;
				CLANG_CXX_LANGUAGE_STANDARD = "gnu++0x";
				CLANG_CXX_LIBRARY = "libc++";
				CLANG_ENABLE_MODULES = YES;
				CLANG_ENABLE_OBJC_ARC = YES;
				CLANG_WARN_BOOL_CONVERSION = YES;
				CLANG_WARN_CONSTANT_CONVERSION = YES;
				CLANG_WARN_DIRECT_OBJC_ISA_USAGE = YES_ERROR;
				CLANG_WARN_DOCUMENTATION_COMMENTS = YES;
				CLANG_WARN_EMPTY_BODY = YES;
				CLANG_WARN_ENUM_CONVERSION = YES;
				CLANG_WARN_INFINITE_RECURSION = YES;
				CLANG_WARN_INT_CONVERSION = YES;
				CLANG_WARN_OBJC_ROOT_CLASS = YES_ERROR;
				CLANG_WARN_SUSPICIOUS_MOVE = YES;
				CLANG_WARN_UNREACHABLE_CODE = YES;
				CLANG_WARN__DUPLICATE_METHOD_MATCH = YES;
				"CODE_SIGN_IDENTITY[sdk=iphoneos*]" = "iPhone Developer";
				COPY_PHASE_STRIP = NO;
				DEBUG_INFORMATION_FORMAT = dwarf;
				ENABLE_STRICT_OBJC_MSGSEND = YES;
				ENABLE_TESTABILITY = YES;
				GCC_C_LANGUAGE_STANDARD = gnu99;
				GCC_DYNAMIC_NO_PIC = NO;
				GCC_NO_COMMON_BLOCKS = YES;
				GCC_OPTIMIZATION_LEVEL = 0;
				GCC_PREPROCESSOR_DEFINITIONS = (
					"DEBUG=1",
					"$(inherited)",
				);
				GCC_WARN_64_TO_32_BIT_CONVERSION = YES;
				GCC_WARN_ABOUT_RETURN_TYPE = YES_ERROR;
				GCC_WARN_UNDECLARED_SELECTOR = YES;
				GCC_WARN_UNINITIALIZED_AUTOS = YES_AGGRESSIVE;
				GCC_WARN_UNUSED_FUNCTION = YES;
				GCC_WARN_UNUSED_VARIABLE = YES;
				IPHONEOS_DEPLOYMENT_TARGET = 10.3;
				MTL_ENABLE_DEBUG_INFO = YES;
				ONLY_ACTIVE_ARCH = YES;
				SDKROOT = iphoneos;
				SWIFT_ACTIVE_COMPILATION_CONDITIONS = DEBUG;
				SWIFT_OPTIMIZATION_LEVEL = "-Onone";
				TARGETED_DEVICE_FAMILY = "1,2";
			};
			name = Debug;
		};
		70E06B1F1F51A3D00011DFA5 /* Release */ = {
			isa = XCBuildConfiguration;
			buildSettings = {
				ALWAYS_SEARCH_USER_PATHS = NO;
				CLANG_ANALYZER_NONNULL = YES;
				CLANG_ANALYZER_NUMBER_OBJECT_CONVERSION = YES_AGGRESSIVE;
				CLANG_CXX_LANGUAGE_STANDARD = "gnu++0x";
				CLANG_CXX_LIBRARY = "libc++";
				CLANG_ENABLE_MODULES = YES;
				CLANG_ENABLE_OBJC_ARC = YES;
				CLANG_WARN_BOOL_CONVERSION = YES;
				CLANG_WARN_CONSTANT_CONVERSION = YES;
				CLANG_WARN_DIRECT_OBJC_ISA_USAGE = YES_ERROR;
				CLANG_WARN_DOCUMENTATION_COMMENTS = YES;
				CLANG_WARN_EMPTY_BODY = YES;
				CLANG_WARN_ENUM_CONVERSION = YES;
				CLANG_WARN_INFINITE_RECURSION = YES;
				CLANG_WARN_INT_CONVERSION = YES;
				CLANG_WARN_OBJC_ROOT_CLASS = YES_ERROR;
				CLANG_WARN_SUSPICIOUS_MOVE = YES;
				CLANG_WARN_UNREACHABLE_CODE = YES;
				CLANG_WARN__DUPLICATE_METHOD_MATCH = YES;
				"CODE_SIGN_IDENTITY[sdk=iphoneos*]" = "iPhone Developer";
				COPY_PHASE_STRIP = NO;
				DEBUG_INFORMATION_FORMAT = "dwarf-with-dsym";
				ENABLE_NS_ASSERTIONS = NO;
				ENABLE_STRICT_OBJC_MSGSEND = YES;
				GCC_C_LANGUAGE_STANDARD = gnu99;
				GCC_NO_COMMON_BLOCKS = YES;
				GCC_WARN_64_TO_32_BIT_CONVERSION = YES;
				GCC_WARN_ABOUT_RETURN_TYPE = YES_ERROR;
				GCC_WARN_UNDECLARED_SELECTOR = YES;
				GCC_WARN_UNINITIALIZED_AUTOS = YES_AGGRESSIVE;
				GCC_WARN_UNUSED_FUNCTION = YES;
				GCC_WARN_UNUSED_VARIABLE = YES;
				IPHONEOS_DEPLOYMENT_TARGET = 10.3;
				MTL_ENABLE_DEBUG_INFO = NO;
				SDKROOT = iphoneos;
				SWIFT_OPTIMIZATION_LEVEL = "-Owholemodule";
				TARGETED_DEVICE_FAMILY = "1,2";
				VALIDATE_PRODUCT = YES;
			};
			name = Release;
		};
		70E06B211F51A3D00011DFA5 /* Debug */ = {
			isa = XCBuildConfiguration;
			buildSettings = {
				ASSETCATALOG_COMPILER_APPICON_NAME = AppIcon;
				INFOPLIST_FILE = SwitchViewControllers/Info.plist;
				LD_RUNPATH_SEARCH_PATHS = "$(inherited) @executable_path/Frameworks";
				PRODUCT_BUNDLE_IDENTIFIER = com.smakino.SwitchViewControllers;
				PRODUCT_NAME = "$(TARGET_NAME)";
				SWIFT_VERSION = 3.0;
			};
			name = Debug;
		};
		70E06B221F51A3D00011DFA5 /* Release */ = {
			isa = XCBuildConfiguration;
			buildSettings = {
				ASSETCATALOG_COMPILER_APPICON_NAME = AppIcon;
				INFOPLIST_FILE = SwitchViewControllers/Info.plist;
				LD_RUNPATH_SEARCH_PATHS = "$(inherited) @executable_path/Frameworks";
				PRODUCT_BUNDLE_IDENTIFIER = com.smakino.SwitchViewControllers;
				PRODUCT_NAME = "$(TARGET_NAME)";
				SWIFT_VERSION = 3.0;
			};
			name = Release;
		};
		70E06B241F51A3D00011DFA5 /* Debug */ = {
			isa = XCBuildConfiguration;
			buildSettings = {
				ALWAYS_EMBED_SWIFT_STANDARD_LIBRARIES = YES;
				BUNDLE_LOADER = "$(TEST_HOST)";
				INFOPLIST_FILE = SwitchViewControllersTests/Info.plist;
				LD_RUNPATH_SEARCH_PATHS = "$(inherited) @executable_path/Frameworks @loader_path/Frameworks";
				PRODUCT_BUNDLE_IDENTIFIER = com.smakino.SwitchViewControllersTests;
				PRODUCT_NAME = "$(TARGET_NAME)";
				SWIFT_VERSION = 3.0;
				TEST_HOST = "$(BUILT_PRODUCTS_DIR)/SwitchViewControllers.app/SwitchViewControllers";
			};
			name = Debug;
		};
		70E06B251F51A3D00011DFA5 /* Release */ = {
			isa = XCBuildConfiguration;
			buildSettings = {
				ALWAYS_EMBED_SWIFT_STANDARD_LIBRARIES = YES;
				BUNDLE_LOADER = "$(TEST_HOST)";
				INFOPLIST_FILE = SwitchViewControllersTests/Info.plist;
				LD_RUNPATH_SEARCH_PATHS = "$(inherited) @executable_path/Frameworks @loader_path/Frameworks";
				PRODUCT_BUNDLE_IDENTIFIER = com.smakino.SwitchViewControllersTests;
				PRODUCT_NAME = "$(TARGET_NAME)";
				SWIFT_VERSION = 3.0;
				TEST_HOST = "$(BUILT_PRODUCTS_DIR)/SwitchViewControllers.app/SwitchViewControllers";
			};
			name = Release;
		};
/* End XCBuildConfiguration section */

/* Begin XCConfigurationList section */
		70E06AFE1F51A3CF0011DFA5 /* Build configuration list for PBXProject "SwitchViewControllers" */ = {
			isa = XCConfigurationList;
			buildConfigurations = (
				70E06B1E1F51A3D00011DFA5 /* Debug */,
				70E06B1F1F51A3D00011DFA5 /* Release */,
			);
			defaultConfigurationIsVisible = 0;
			defaultConfigurationName = Release;
		};
		70E06B201F51A3D00011DFA5 /* Build configuration list for PBXNativeTarget "SwitchViewControllers" */ = {
			isa = XCConfigurationList;
			buildConfigurations = (
				70E06B211F51A3D00011DFA5 /* Debug */,
				70E06B221F51A3D00011DFA5 /* Release */,
			);
			defaultConfigurationIsVisible = 0;
		};
		70E06B231F51A3D00011DFA5 /* Build configuration list for PBXNativeTarget "SwitchViewControllersTests" */ = {
			isa = XCConfigurationList;
			buildConfigurations = (
				70E06B241F51A3D00011DFA5 /* Debug */,
				70E06B251F51A3D00011DFA5 /* Release */,
			);
			defaultConfigurationIsVisible = 0;
		};
/* End XCConfigurationList section */
	};
	rootObject = 70E06AFB1F51A3CF0011DFA5 /* Project object */;
}
